// !$*UTF8*$!
{
	archiveVersion = 1;
	classes = {
	};
	objectVersion = 50;
	objects = {

/* Begin PBXBuildFile section */
		5F155EA026F1397A007E2859 /* PostDescriptionView.xib in Resources */ = {isa = PBXBuildFile; fileRef = 5F155E9F26F1397A007E2859 /* PostDescriptionView.xib */; };
		5F155EA226F13988007E2859 /* PostDescriptionView.swift in Sources */ = {isa = PBXBuildFile; fileRef = 5F155EA126F13988007E2859 /* PostDescriptionView.swift */; };
		5F1EE6B026F9FD4E0049A5A2 /* FilterView.xib in Resources */ = {isa = PBXBuildFile; fileRef = 5F1EE6AF26F9FD4E0049A5A2 /* FilterView.xib */; };
		5F1EE6B226F9FD5D0049A5A2 /* FilterView.swift in Sources */ = {isa = PBXBuildFile; fileRef = 5F1EE6B126F9FD5D0049A5A2 /* FilterView.swift */; };
		5F25F68E26E9322000F98608 /* AuthorizationService.swift in Sources */ = {isa = PBXBuildFile; fileRef = 5F25F68D26E9322000F98608 /* AuthorizationService.swift */; };
		5F25F69026E9E83F00F98608 /* WKWebViewController.swift in Sources */ = {isa = PBXBuildFile; fileRef = 5F25F68F26E9E83F00F98608 /* WKWebViewController.swift */; };
		5F25F69326EA13E400F98608 /* UIViewController+UIAlertController.swift in Sources */ = {isa = PBXBuildFile; fileRef = 5F25F69226EA13E400F98608 /* UIViewController+UIAlertController.swift */; };
		5F25F6BD26EE08B800F98608 /* PostTableViewCell.swift in Sources */ = {isa = PBXBuildFile; fileRef = 5F25F6BB26EE08B800F98608 /* PostTableViewCell.swift */; };
		5F25F6BE26EE08B800F98608 /* PostTableViewCell.xib in Resources */ = {isa = PBXBuildFile; fileRef = 5F25F6BC26EE08B800F98608 /* PostTableViewCell.xib */; };
		5F25F6C426EE0B4E00F98608 /* AccountView.swift in Sources */ = {isa = PBXBuildFile; fileRef = 5F25F6C326EE0B4E00F98608 /* AccountView.swift */; };
		5F25F6C626EE0BFD00F98608 /* AccountView.xib in Resources */ = {isa = PBXBuildFile; fileRef = 5F25F6C526EE0BFD00F98608 /* AccountView.xib */; };
		5F4A773426FB47B600D1EB00 /* FilterType.swift in Sources */ = {isa = PBXBuildFile; fileRef = 5F4A773326FB47B600D1EB00 /* FilterType.swift */; };
		5F4A773626FB493700D1EB00 /* ReuseIdentifier.swift in Sources */ = {isa = PBXBuildFile; fileRef = 5F4A773526FB493700D1EB00 /* ReuseIdentifier.swift */; };
		5F4A773826FB498700D1EB00 /* ImageName.swift in Sources */ = {isa = PBXBuildFile; fileRef = 5F4A773726FB498700D1EB00 /* ImageName.swift */; };
		5F4A773C26FB5EEC00D1EB00 /* UserDefaultsKey.swift in Sources */ = {isa = PBXBuildFile; fileRef = 5F4A773B26FB5EEC00D1EB00 /* UserDefaultsKey.swift */; };
		5F4A774526FCEA6800D1EB00 /* HomeViewModel.swift in Sources */ = {isa = PBXBuildFile; fileRef = 5F4A774426FCEA6800D1EB00 /* HomeViewModel.swift */; };
		5F4A774726FCEAFB00D1EB00 /* Observable.swift in Sources */ = {isa = PBXBuildFile; fileRef = 5F4A774626FCEAFB00D1EB00 /* Observable.swift */; };
		5F6A836726F4EE19000F9AD2 /* CacheStorageService.swift in Sources */ = {isa = PBXBuildFile; fileRef = 5F6A836626F4EE19000F9AD2 /* CacheStorageService.swift */; };
		5F71301126D40D32001A3762 /* NetworkService.swift in Sources */ = {isa = PBXBuildFile; fileRef = 5F71301026D40D32001A3762 /* NetworkService.swift */; };
		5F7F996326D66DE300482485 /* ErrorMessage.swift in Sources */ = {isa = PBXBuildFile; fileRef = 5F7F996226D66DE300482485 /* ErrorMessage.swift */; };
		5F7F996626D69AE900482485 /* Profile.swift in Sources */ = {isa = PBXBuildFile; fileRef = 5F7F996526D69AE900482485 /* Profile.swift */; };
		5F7F996826D6AE1000482485 /* Comment.swift in Sources */ = {isa = PBXBuildFile; fileRef = 5F7F996726D6AE1000482485 /* Comment.swift */; };
		5F7F996A26D6C05800482485 /* Favorite.swift in Sources */ = {isa = PBXBuildFile; fileRef = 5F7F996926D6C05800482485 /* Favorite.swift */; };
		5F7F996C26D6CBC700482485 /* Photo.swift in Sources */ = {isa = PBXBuildFile; fileRef = 5F7F996B26D6CBC700482485 /* Photo.swift */; };
		5F7F996E26D6D26300482485 /* Tag.swift in Sources */ = {isa = PBXBuildFile; fileRef = 5F7F996D26D6D26300482485 /* Tag.swift */; };
		5F7F997026D7816800482485 /* PostDetails.swift in Sources */ = {isa = PBXBuildFile; fileRef = 5F7F996F26D7816800482485 /* PostDetails.swift */; };
		5F7F997526D7FF0C00482485 /* NetworkService+Favorites.swift in Sources */ = {isa = PBXBuildFile; fileRef = 5F7F997426D7FF0C00482485 /* NetworkService+Favorites.swift */; };
		5F7F997826D7FFA600482485 /* NetworkService+Comments.swift in Sources */ = {isa = PBXBuildFile; fileRef = 5F7F997726D7FFA600482485 /* NetworkService+Comments.swift */; };
		5F7F997A26D8001F00482485 /* NetworkService+Profile.swift in Sources */ = {isa = PBXBuildFile; fileRef = 5F7F997926D8001F00482485 /* NetworkService+Profile.swift */; };
		5F7F997C26D8003700482485 /* NetworkService+Photos.swift in Sources */ = {isa = PBXBuildFile; fileRef = 5F7F997B26D8003700482485 /* NetworkService+Photos.swift */; };
		5F7F997E26D8023300482485 /* NetworkService+Tags.swift in Sources */ = {isa = PBXBuildFile; fileRef = 5F7F997D26D8023300482485 /* NetworkService+Tags.swift */; };
		5F7F998026D805EA00482485 /* MultipartHelper.swift in Sources */ = {isa = PBXBuildFile; fileRef = 5F7F997F26D805EA00482485 /* MultipartHelper.swift */; };
		5F7F998226D8064A00482485 /* SignatureHelper.swift in Sources */ = {isa = PBXBuildFile; fileRef = 5F7F998126D8064A00482485 /* SignatureHelper.swift */; };
		5F7F998426D8E89200482485 /* DeserializeHelper.swift in Sources */ = {isa = PBXBuildFile; fileRef = 5F7F998326D8E89200482485 /* DeserializeHelper.swift */; };
		5F7F998626D8F78F00482485 /* NetworkService+Upload.swift in Sources */ = {isa = PBXBuildFile; fileRef = 5F7F998526D8F78F00482485 /* NetworkService+Upload.swift */; };
		5F8A441226FF3F4E0027217F /* Storyboard.swift in Sources */ = {isa = PBXBuildFile; fileRef = 5F8A441126FF3F4E0027217F /* Storyboard.swift */; };
		5F8A441426FF4C7B0027217F /* ProfileViewModel.swift in Sources */ = {isa = PBXBuildFile; fileRef = 5F8A441326FF4C7B0027217F /* ProfileViewModel.swift */; };
		5F8A441626FF4EA80027217F /* GalleryViewModel.swift in Sources */ = {isa = PBXBuildFile; fileRef = 5F8A441526FF4EA80027217F /* GalleryViewModel.swift */; };
		5F8A441826FF4F240027217F /* PostViewModel.swift in Sources */ = {isa = PBXBuildFile; fileRef = 5F8A441726FF4F240027217F /* PostViewModel.swift */; };
		5F8A441A26FF4FD50027217F /* AuthorizationViewModel.swift in Sources */ = {isa = PBXBuildFile; fileRef = 5F8A441926FF4FD50027217F /* AuthorizationViewModel.swift */; };
		5F8AA85226F3749700E48706 /* CoordinatorService.swift in Sources */ = {isa = PBXBuildFile; fileRef = 5F8AA85126F3749700E48706 /* CoordinatorService.swift */; };
		5F97D9CD26F7554C0089C30B /* PostsNetworkManager.swift in Sources */ = {isa = PBXBuildFile; fileRef = 5F97D9CC26F7554C0089C30B /* PostsNetworkManager.swift */; };
		5F97D9D026F75CF40089C30B /* StorageServiceError.swift in Sources */ = {isa = PBXBuildFile; fileRef = 5F97D9CF26F75CF40089C30B /* StorageServiceError.swift */; };
		5F97D9D226F75D3A0089C30B /* UserDefaultsStorageService.swift in Sources */ = {isa = PBXBuildFile; fileRef = 5F97D9D126F75D3A0089C30B /* UserDefaultsStorageService.swift */; };
		5FA9B2F026E4B0F20060DAE8 /* ProfileViewController.swift in Sources */ = {isa = PBXBuildFile; fileRef = 5FA9B2EF26E4B0F20060DAE8 /* ProfileViewController.swift */; };
		5FA9B2F226E4B1020060DAE8 /* HomeViewController.swift in Sources */ = {isa = PBXBuildFile; fileRef = 5FA9B2F126E4B1020060DAE8 /* HomeViewController.swift */; };
		5FA9B2F426E4B1180060DAE8 /* GalleryViewController.swift in Sources */ = {isa = PBXBuildFile; fileRef = 5FA9B2F326E4B1180060DAE8 /* GalleryViewController.swift */; };
		5FA9B2F626E4B12A0060DAE8 /* PostViewController.swift in Sources */ = {isa = PBXBuildFile; fileRef = 5FA9B2F526E4B12A0060DAE8 /* PostViewController.swift */; };
		5FA9B2FA26E533700060DAE8 /* HTTPMethod.swift in Sources */ = {isa = PBXBuildFile; fileRef = 5FA9B2F926E533700060DAE8 /* HTTPMethod.swift */; };
		5FA9B2FC26E655AE0060DAE8 /* RequestType.swift in Sources */ = {isa = PBXBuildFile; fileRef = 5FA9B2FB26E655AE0060DAE8 /* RequestType.swift */; };
		5FA9B2FE26E669400060DAE8 /* NetworkService+Flickr.swift in Sources */ = {isa = PBXBuildFile; fileRef = 5FA9B2FD26E669400060DAE8 /* NetworkService+Flickr.swift */; };
		5FF2241C26F1204E0026BAF4 /* NetworkService+Image.swift in Sources */ = {isa = PBXBuildFile; fileRef = 5FF2241B26F1204E0026BAF4 /* NetworkService+Image.swift */; };
		5FFEC0B126CD4DDB000A0BAB /* AppDelegate.swift in Sources */ = {isa = PBXBuildFile; fileRef = 5FFEC0B026CD4DDB000A0BAB /* AppDelegate.swift */; };
		5FFEC0B326CD4DDB000A0BAB /* SceneDelegate.swift in Sources */ = {isa = PBXBuildFile; fileRef = 5FFEC0B226CD4DDB000A0BAB /* SceneDelegate.swift */; };
		5FFEC0B526CD4DDB000A0BAB /* AuthorizationViewController.swift in Sources */ = {isa = PBXBuildFile; fileRef = 5FFEC0B426CD4DDB000A0BAB /* AuthorizationViewController.swift */; };
		5FFEC0B826CD4DDB000A0BAB /* Main.storyboard in Resources */ = {isa = PBXBuildFile; fileRef = 5FFEC0B626CD4DDB000A0BAB /* Main.storyboard */; };
		5FFEC0BA26CD4DDC000A0BAB /* Assets.xcassets in Resources */ = {isa = PBXBuildFile; fileRef = 5FFEC0B926CD4DDC000A0BAB /* Assets.xcassets */; };
		5FFEC0BD26CD4DDC000A0BAB /* LaunchScreen.storyboard in Resources */ = {isa = PBXBuildFile; fileRef = 5FFEC0BB26CD4DDC000A0BAB /* LaunchScreen.storyboard */; };
		5FFEC0CC26CD4FAD000A0BAB /* FlickrOAuthService.swift in Sources */ = {isa = PBXBuildFile; fileRef = 5FFEC0CB26CD4FAD000A0BAB /* FlickrOAuthService.swift */; };
		5FFEC0CE26CD4FD3000A0BAB /* FlickrConstant.swift in Sources */ = {isa = PBXBuildFile; fileRef = 5FFEC0CD26CD4FD3000A0BAB /* FlickrConstant.swift */; };
/* End PBXBuildFile section */

/* Begin PBXFileReference section */
		5F155E9F26F1397A007E2859 /* PostDescriptionView.xib */ = {isa = PBXFileReference; lastKnownFileType = file.xib; path = PostDescriptionView.xib; sourceTree = "<group>"; };
		5F155EA126F13988007E2859 /* PostDescriptionView.swift */ = {isa = PBXFileReference; lastKnownFileType = sourcecode.swift; path = PostDescriptionView.swift; sourceTree = "<group>"; };
		5F1EE6AF26F9FD4E0049A5A2 /* FilterView.xib */ = {isa = PBXFileReference; lastKnownFileType = file.xib; path = FilterView.xib; sourceTree = "<group>"; };
		5F1EE6B126F9FD5D0049A5A2 /* FilterView.swift */ = {isa = PBXFileReference; lastKnownFileType = sourcecode.swift; path = FilterView.swift; sourceTree = "<group>"; };
		5F25F68D26E9322000F98608 /* AuthorizationService.swift */ = {isa = PBXFileReference; lastKnownFileType = sourcecode.swift; path = AuthorizationService.swift; sourceTree = "<group>"; };
		5F25F68F26E9E83F00F98608 /* WKWebViewController.swift */ = {isa = PBXFileReference; lastKnownFileType = sourcecode.swift; path = WKWebViewController.swift; sourceTree = "<group>"; };
		5F25F69226EA13E400F98608 /* UIViewController+UIAlertController.swift */ = {isa = PBXFileReference; lastKnownFileType = sourcecode.swift; path = "UIViewController+UIAlertController.swift"; sourceTree = "<group>"; };
		5F25F6BB26EE08B800F98608 /* PostTableViewCell.swift */ = {isa = PBXFileReference; lastKnownFileType = sourcecode.swift; path = PostTableViewCell.swift; sourceTree = "<group>"; };
		5F25F6BC26EE08B800F98608 /* PostTableViewCell.xib */ = {isa = PBXFileReference; lastKnownFileType = file.xib; path = PostTableViewCell.xib; sourceTree = "<group>"; };
		5F25F6C326EE0B4E00F98608 /* AccountView.swift */ = {isa = PBXFileReference; lastKnownFileType = sourcecode.swift; path = AccountView.swift; sourceTree = "<group>"; };
		5F25F6C526EE0BFD00F98608 /* AccountView.xib */ = {isa = PBXFileReference; lastKnownFileType = file.xib; path = AccountView.xib; sourceTree = "<group>"; };
		5F4A773326FB47B600D1EB00 /* FilterType.swift */ = {isa = PBXFileReference; lastKnownFileType = sourcecode.swift; path = FilterType.swift; sourceTree = "<group>"; };
		5F4A773526FB493700D1EB00 /* ReuseIdentifier.swift */ = {isa = PBXFileReference; lastKnownFileType = sourcecode.swift; path = ReuseIdentifier.swift; sourceTree = "<group>"; };
		5F4A773726FB498700D1EB00 /* ImageName.swift */ = {isa = PBXFileReference; lastKnownFileType = sourcecode.swift; path = ImageName.swift; sourceTree = "<group>"; };
		5F4A773B26FB5EEC00D1EB00 /* UserDefaultsKey.swift */ = {isa = PBXFileReference; lastKnownFileType = sourcecode.swift; path = UserDefaultsKey.swift; sourceTree = "<group>"; };
		5F4A774426FCEA6800D1EB00 /* HomeViewModel.swift */ = {isa = PBXFileReference; lastKnownFileType = sourcecode.swift; path = HomeViewModel.swift; sourceTree = "<group>"; };
		5F4A774626FCEAFB00D1EB00 /* Observable.swift */ = {isa = PBXFileReference; lastKnownFileType = sourcecode.swift; path = Observable.swift; sourceTree = "<group>"; };
		5F6A836626F4EE19000F9AD2 /* CacheStorageService.swift */ = {isa = PBXFileReference; lastKnownFileType = sourcecode.swift; path = CacheStorageService.swift; sourceTree = "<group>"; };
		5F71301026D40D32001A3762 /* NetworkService.swift */ = {isa = PBXFileReference; lastKnownFileType = sourcecode.swift; path = NetworkService.swift; sourceTree = "<group>"; };
		5F7F996226D66DE300482485 /* ErrorMessage.swift */ = {isa = PBXFileReference; lastKnownFileType = sourcecode.swift; path = ErrorMessage.swift; sourceTree = "<group>"; };
		5F7F996526D69AE900482485 /* Profile.swift */ = {isa = PBXFileReference; lastKnownFileType = sourcecode.swift; path = Profile.swift; sourceTree = "<group>"; };
		5F7F996726D6AE1000482485 /* Comment.swift */ = {isa = PBXFileReference; lastKnownFileType = sourcecode.swift; path = Comment.swift; sourceTree = "<group>"; };
		5F7F996926D6C05800482485 /* Favorite.swift */ = {isa = PBXFileReference; lastKnownFileType = sourcecode.swift; path = Favorite.swift; sourceTree = "<group>"; };
		5F7F996B26D6CBC700482485 /* Photo.swift */ = {isa = PBXFileReference; lastKnownFileType = sourcecode.swift; path = Photo.swift; sourceTree = "<group>"; };
		5F7F996D26D6D26300482485 /* Tag.swift */ = {isa = PBXFileReference; lastKnownFileType = sourcecode.swift; path = Tag.swift; sourceTree = "<group>"; };
		5F7F996F26D7816800482485 /* PostDetails.swift */ = {isa = PBXFileReference; lastKnownFileType = sourcecode.swift; path = PostDetails.swift; sourceTree = "<group>"; };
		5F7F997426D7FF0C00482485 /* NetworkService+Favorites.swift */ = {isa = PBXFileReference; lastKnownFileType = sourcecode.swift; path = "NetworkService+Favorites.swift"; sourceTree = "<group>"; };
		5F7F997726D7FFA600482485 /* NetworkService+Comments.swift */ = {isa = PBXFileReference; lastKnownFileType = sourcecode.swift; path = "NetworkService+Comments.swift"; sourceTree = "<group>"; };
		5F7F997926D8001F00482485 /* NetworkService+Profile.swift */ = {isa = PBXFileReference; lastKnownFileType = sourcecode.swift; path = "NetworkService+Profile.swift"; sourceTree = "<group>"; };
		5F7F997B26D8003700482485 /* NetworkService+Photos.swift */ = {isa = PBXFileReference; lastKnownFileType = sourcecode.swift; path = "NetworkService+Photos.swift"; sourceTree = "<group>"; };
		5F7F997D26D8023300482485 /* NetworkService+Tags.swift */ = {isa = PBXFileReference; lastKnownFileType = sourcecode.swift; path = "NetworkService+Tags.swift"; sourceTree = "<group>"; };
		5F7F997F26D805EA00482485 /* MultipartHelper.swift */ = {isa = PBXFileReference; lastKnownFileType = sourcecode.swift; path = MultipartHelper.swift; sourceTree = "<group>"; };
		5F7F998126D8064A00482485 /* SignatureHelper.swift */ = {isa = PBXFileReference; lastKnownFileType = sourcecode.swift; path = SignatureHelper.swift; sourceTree = "<group>"; };
		5F7F998326D8E89200482485 /* DeserializeHelper.swift */ = {isa = PBXFileReference; lastKnownFileType = sourcecode.swift; path = DeserializeHelper.swift; sourceTree = "<group>"; };
		5F7F998526D8F78F00482485 /* NetworkService+Upload.swift */ = {isa = PBXFileReference; lastKnownFileType = sourcecode.swift; path = "NetworkService+Upload.swift"; sourceTree = "<group>"; };
		5F8A441126FF3F4E0027217F /* Storyboard.swift */ = {isa = PBXFileReference; lastKnownFileType = sourcecode.swift; path = Storyboard.swift; sourceTree = "<group>"; };
		5F8A441326FF4C7B0027217F /* ProfileViewModel.swift */ = {isa = PBXFileReference; lastKnownFileType = sourcecode.swift; path = ProfileViewModel.swift; sourceTree = "<group>"; };
		5F8A441526FF4EA80027217F /* GalleryViewModel.swift */ = {isa = PBXFileReference; lastKnownFileType = sourcecode.swift; path = GalleryViewModel.swift; sourceTree = "<group>"; };
		5F8A441726FF4F240027217F /* PostViewModel.swift */ = {isa = PBXFileReference; lastKnownFileType = sourcecode.swift; path = PostViewModel.swift; sourceTree = "<group>"; };
		5F8A441926FF4FD50027217F /* AuthorizationViewModel.swift */ = {isa = PBXFileReference; lastKnownFileType = sourcecode.swift; path = AuthorizationViewModel.swift; sourceTree = "<group>"; };
		5F8AA85126F3749700E48706 /* CoordinatorService.swift */ = {isa = PBXFileReference; lastKnownFileType = sourcecode.swift; path = CoordinatorService.swift; sourceTree = "<group>"; };
		5F97D9CC26F7554C0089C30B /* PostsNetworkManager.swift */ = {isa = PBXFileReference; lastKnownFileType = sourcecode.swift; path = PostsNetworkManager.swift; sourceTree = "<group>"; };
		5F97D9CF26F75CF40089C30B /* StorageServiceError.swift */ = {isa = PBXFileReference; lastKnownFileType = sourcecode.swift; path = StorageServiceError.swift; sourceTree = "<group>"; };
		5F97D9D126F75D3A0089C30B /* UserDefaultsStorageService.swift */ = {isa = PBXFileReference; lastKnownFileType = sourcecode.swift; path = UserDefaultsStorageService.swift; sourceTree = "<group>"; };
		5FA9B2EF26E4B0F20060DAE8 /* ProfileViewController.swift */ = {isa = PBXFileReference; lastKnownFileType = sourcecode.swift; path = ProfileViewController.swift; sourceTree = "<group>"; };
		5FA9B2F126E4B1020060DAE8 /* HomeViewController.swift */ = {isa = PBXFileReference; lastKnownFileType = sourcecode.swift; path = HomeViewController.swift; sourceTree = "<group>"; };
		5FA9B2F326E4B1180060DAE8 /* GalleryViewController.swift */ = {isa = PBXFileReference; lastKnownFileType = sourcecode.swift; path = GalleryViewController.swift; sourceTree = "<group>"; };
		5FA9B2F526E4B12A0060DAE8 /* PostViewController.swift */ = {isa = PBXFileReference; lastKnownFileType = sourcecode.swift; path = PostViewController.swift; sourceTree = "<group>"; };
		5FA9B2F926E533700060DAE8 /* HTTPMethod.swift */ = {isa = PBXFileReference; lastKnownFileType = sourcecode.swift; path = HTTPMethod.swift; sourceTree = "<group>"; };
		5FA9B2FB26E655AE0060DAE8 /* RequestType.swift */ = {isa = PBXFileReference; lastKnownFileType = sourcecode.swift; path = RequestType.swift; sourceTree = "<group>"; };
		5FA9B2FD26E669400060DAE8 /* NetworkService+Flickr.swift */ = {isa = PBXFileReference; lastKnownFileType = sourcecode.swift; path = "NetworkService+Flickr.swift"; sourceTree = "<group>"; };
		5FF2241B26F1204E0026BAF4 /* NetworkService+Image.swift */ = {isa = PBXFileReference; lastKnownFileType = sourcecode.swift; path = "NetworkService+Image.swift"; sourceTree = "<group>"; };
		5FFEC0AD26CD4DDB000A0BAB /* Flickr.app */ = {isa = PBXFileReference; explicitFileType = wrapper.application; includeInIndex = 0; path = Flickr.app; sourceTree = BUILT_PRODUCTS_DIR; };
		5FFEC0B026CD4DDB000A0BAB /* AppDelegate.swift */ = {isa = PBXFileReference; lastKnownFileType = sourcecode.swift; path = AppDelegate.swift; sourceTree = "<group>"; };
		5FFEC0B226CD4DDB000A0BAB /* SceneDelegate.swift */ = {isa = PBXFileReference; lastKnownFileType = sourcecode.swift; path = SceneDelegate.swift; sourceTree = "<group>"; };
		5FFEC0B426CD4DDB000A0BAB /* AuthorizationViewController.swift */ = {isa = PBXFileReference; lastKnownFileType = sourcecode.swift; path = AuthorizationViewController.swift; sourceTree = "<group>"; };
		5FFEC0B726CD4DDB000A0BAB /* Base */ = {isa = PBXFileReference; lastKnownFileType = file.storyboard; name = Base; path = Base.lproj/Main.storyboard; sourceTree = "<group>"; };
		5FFEC0B926CD4DDC000A0BAB /* Assets.xcassets */ = {isa = PBXFileReference; lastKnownFileType = folder.assetcatalog; path = Assets.xcassets; sourceTree = "<group>"; };
		5FFEC0BC26CD4DDC000A0BAB /* Base */ = {isa = PBXFileReference; lastKnownFileType = file.storyboard; name = Base; path = Base.lproj/LaunchScreen.storyboard; sourceTree = "<group>"; };
		5FFEC0BE26CD4DDC000A0BAB /* Info.plist */ = {isa = PBXFileReference; lastKnownFileType = text.plist.xml; path = Info.plist; sourceTree = "<group>"; };
		5FFEC0CB26CD4FAD000A0BAB /* FlickrOAuthService.swift */ = {isa = PBXFileReference; lastKnownFileType = sourcecode.swift; path = FlickrOAuthService.swift; sourceTree = "<group>"; };
		5FFEC0CD26CD4FD3000A0BAB /* FlickrConstant.swift */ = {isa = PBXFileReference; lastKnownFileType = sourcecode.swift; path = FlickrConstant.swift; sourceTree = "<group>"; };
/* End PBXFileReference section */

/* Begin PBXFrameworksBuildPhase section */
		5FFEC0AA26CD4DDB000A0BAB /* Frameworks */ = {
			isa = PBXFrameworksBuildPhase;
			buildActionMask = 2147483647;
			files = (
			);
			runOnlyForDeploymentPostprocessing = 0;
		};
/* End PBXFrameworksBuildPhase section */

/* Begin PBXGroup section */
		5F155E9E26F13940007E2859 /* Post Description View */ = {
			isa = PBXGroup;
			children = (
				5F155E9F26F1397A007E2859 /* PostDescriptionView.xib */,
				5F155EA126F13988007E2859 /* PostDescriptionView.swift */,
			);
			path = "Post Description View";
			sourceTree = "<group>";
		};
		5F1EE6AE26F9FD180049A5A2 /* Filter View */ = {
			isa = PBXGroup;
			children = (
				5F1EE6AF26F9FD4E0049A5A2 /* FilterView.xib */,
				5F1EE6B126F9FD5D0049A5A2 /* FilterView.swift */,
			);
			path = "Filter View";
			sourceTree = "<group>";
		};
		5F25F69126EA13C800F98608 /* Extensions */ = {
			isa = PBXGroup;
			children = (
				5F25F69226EA13E400F98608 /* UIViewController+UIAlertController.swift */,
			);
			path = Extensions;
			sourceTree = "<group>";
		};
		5F25F6BA26EE087C00F98608 /* Home Module */ = {
			isa = PBXGroup;
			children = (
				5F25F6BF26EE08BE00F98608 /* Post Cell */,
				5FA9B2F126E4B1020060DAE8 /* HomeViewController.swift */,
				5F4A774426FCEA6800D1EB00 /* HomeViewModel.swift */,
			);
			path = "Home Module";
			sourceTree = "<group>";
		};
		5F25F6BF26EE08BE00F98608 /* Post Cell */ = {
			isa = PBXGroup;
			children = (
				5F25F6BC26EE08B800F98608 /* PostTableViewCell.xib */,
				5F25F6BB26EE08B800F98608 /* PostTableViewCell.swift */,
			);
			path = "Post Cell";
			sourceTree = "<group>";
		};
		5F25F6C026EE0A9900F98608 /* Account View */ = {
			isa = PBXGroup;
			children = (
				5F25F6C526EE0BFD00F98608 /* AccountView.xib */,
				5F25F6C326EE0B4E00F98608 /* AccountView.swift */,
			);
			path = "Account View";
			sourceTree = "<group>";
		};
		5F25F6CA26EE698A00F98608 /* Coordinator */ = {
			isa = PBXGroup;
			children = (
				5F8AA85126F3749700E48706 /* CoordinatorService.swift */,
			);
			path = Coordinator;
			sourceTree = "<group>";
		};
		5F4A774126FCEA1300D1EB00 /* Gallery Module */ = {
			isa = PBXGroup;
			children = (
				5FA9B2F326E4B1180060DAE8 /* GalleryViewController.swift */,
				5F8A441526FF4EA80027217F /* GalleryViewModel.swift */,
			);
			path = "Gallery Module";
			sourceTree = "<group>";
		};
		5F4A774226FCEA2F00D1EB00 /* Profile Module */ = {
			isa = PBXGroup;
			children = (
				5FA9B2EF26E4B0F20060DAE8 /* ProfileViewController.swift */,
				5F8A441326FF4C7B0027217F /* ProfileViewModel.swift */,
			);
			path = "Profile Module";
			sourceTree = "<group>";
		};
		5F4A774326FCEA3A00D1EB00 /* Post Module */ = {
			isa = PBXGroup;
			children = (
				5FA9B2F526E4B12A0060DAE8 /* PostViewController.swift */,
				5F8A441726FF4F240027217F /* PostViewModel.swift */,
			);
			path = "Post Module";
			sourceTree = "<group>";
		};
		5F6A836826F4F21C000F9AD2 /* Storage Services */ = {
			isa = PBXGroup;
			children = (
				5F97D9CF26F75CF40089C30B /* StorageServiceError.swift */,
				5F6A836626F4EE19000F9AD2 /* CacheStorageService.swift */,
				5F97D9D126F75D3A0089C30B /* UserDefaultsStorageService.swift */,
			);
			path = "Storage Services";
			sourceTree = "<group>";
		};
		5F7F996426D69ACF00482485 /* App Entities */ = {
			isa = PBXGroup;
			children = (
				5F7F996F26D7816800482485 /* PostDetails.swift */,
				5F7F996526D69AE900482485 /* Profile.swift */,
				5F7F996726D6AE1000482485 /* Comment.swift */,
				5F7F996926D6C05800482485 /* Favorite.swift */,
				5F7F996B26D6CBC700482485 /* Photo.swift */,
				5F7F996D26D6D26300482485 /* Tag.swift */,
			);
			path = "App Entities";
			sourceTree = "<group>";
		};
		5F7F997226D7FEDA00482485 /* Helpers */ = {
			isa = PBXGroup;
			children = (
				5F7F997F26D805EA00482485 /* MultipartHelper.swift */,
				5F7F998126D8064A00482485 /* SignatureHelper.swift */,
				5F7F998326D8E89200482485 /* DeserializeHelper.swift */,
			);
			path = Helpers;
			sourceTree = "<group>";
		};
		5F7F997326D7FEEC00482485 /* Network */ = {
			isa = PBXGroup;
			children = (
				5F71301026D40D32001A3762 /* NetworkService.swift */,
				5F7F998526D8F78F00482485 /* NetworkService+Upload.swift */,
				5F7F997B26D8003700482485 /* NetworkService+Photos.swift */,
				5F7F997426D7FF0C00482485 /* NetworkService+Favorites.swift */,
				5F7F997726D7FFA600482485 /* NetworkService+Comments.swift */,
				5F7F997926D8001F00482485 /* NetworkService+Profile.swift */,
				5F7F997D26D8023300482485 /* NetworkService+Tags.swift */,
				5FA9B2FD26E669400060DAE8 /* NetworkService+Flickr.swift */,
				5FF2241B26F1204E0026BAF4 /* NetworkService+Image.swift */,
			);
			path = Network;
			sourceTree = "<group>";
		};
		5FD81F7E26F7A62600622B10 /* Authorization */ = {
			isa = PBXGroup;
			children = (
				5F25F68D26E9322000F98608 /* AuthorizationService.swift */,
				5FFEC0CB26CD4FAD000A0BAB /* FlickrOAuthService.swift */,
			);
			path = Authorization;
			sourceTree = "<group>";
		};
		5FF2241A26F10EF90026BAF4 /* Authorization Module */ = {
			isa = PBXGroup;
			children = (
				5F25F68F26E9E83F00F98608 /* WKWebViewController.swift */,
				5FFEC0B426CD4DDB000A0BAB /* AuthorizationViewController.swift */,
				5F8A441926FF4FD50027217F /* AuthorizationViewModel.swift */,
			);
			path = "Authorization Module";
			sourceTree = "<group>";
		};
		5FF2241D26F125810026BAF4 /* Reusable Views */ = {
			isa = PBXGroup;
			children = (
				5F1EE6AE26F9FD180049A5A2 /* Filter View */,
				5F155E9E26F13940007E2859 /* Post Description View */,
				5F25F6C026EE0A9900F98608 /* Account View */,
			);
			path = "Reusable Views";
			sourceTree = "<group>";
		};
		5FFEC0A426CD4DDB000A0BAB = {
			isa = PBXGroup;
			children = (
				5FFEC0AF26CD4DDB000A0BAB /* Flickr */,
				5FFEC0AE26CD4DDB000A0BAB /* Products */,
			);
			sourceTree = "<group>";
		};
		5FFEC0AE26CD4DDB000A0BAB /* Products */ = {
			isa = PBXGroup;
			children = (
				5FFEC0AD26CD4DDB000A0BAB /* Flickr.app */,
			);
			name = Products;
			sourceTree = "<group>";
		};
		5FFEC0AF26CD4DDB000A0BAB /* Flickr */ = {
			isa = PBXGroup;
			children = (
				5FFEC0C726CD4F32000A0BAB /* App Assets */,
				5FFEC0C426CD4F0B000A0BAB /* App UIs */,
				5FFEC0C626CD4F24000A0BAB /* App Settings */,
				5F7F996426D69ACF00482485 /* App Entities */,
				5FFEC0C526CD4F17000A0BAB /* App Modules */,
				5FFEC0C826CD4F43000A0BAB /* Common Utils */,
				5FFEC0BE26CD4DDC000A0BAB /* Info.plist */,
			);
			path = Flickr;
			sourceTree = "<group>";
		};
		5FFEC0C426CD4F0B000A0BAB /* App UIs */ = {
			isa = PBXGroup;
			children = (
				5FF2241D26F125810026BAF4 /* Reusable Views */,
				5FFEC0B626CD4DDB000A0BAB /* Main.storyboard */,
				5FFEC0BB26CD4DDC000A0BAB /* LaunchScreen.storyboard */,
			);
			path = "App UIs";
			sourceTree = "<group>";
		};
		5FFEC0C526CD4F17000A0BAB /* App Modules */ = {
			isa = PBXGroup;
			children = (
				5FF2241A26F10EF90026BAF4 /* Authorization Module */,
				5F25F6BA26EE087C00F98608 /* Home Module */,
				5F4A774326FCEA3A00D1EB00 /* Post Module */,
				5F4A774126FCEA1300D1EB00 /* Gallery Module */,
				5F4A774226FCEA2F00D1EB00 /* Profile Module */,
			);
			path = "App Modules";
			sourceTree = "<group>";
		};
		5FFEC0C626CD4F24000A0BAB /* App Settings */ = {
			isa = PBXGroup;
			children = (
				5FFEC0B026CD4DDB000A0BAB /* AppDelegate.swift */,
				5FFEC0B226CD4DDB000A0BAB /* SceneDelegate.swift */,
			);
			path = "App Settings";
			sourceTree = "<group>";
		};
		5FFEC0C726CD4F32000A0BAB /* App Assets */ = {
			isa = PBXGroup;
			children = (
				5FFEC0B926CD4DDC000A0BAB /* Assets.xcassets */,
			);
			path = "App Assets";
			sourceTree = "<group>";
		};
		5FFEC0C826CD4F43000A0BAB /* Common Utils */ = {
			isa = PBXGroup;
			children = (
				5F97D9CC26F7554C0089C30B /* PostsNetworkManager.swift */,
				5F25F69126EA13C800F98608 /* Extensions */,
				5FFEC0CA26CD4F8D000A0BAB /* Constants */,
				5FFEC0C926CD4F87000A0BAB /* Services */,
				5F4A774626FCEAFB00D1EB00 /* Observable.swift */,
				5F8A441126FF3F4E0027217F /* Storyboard.swift */,
			);
			path = "Common Utils";
			sourceTree = "<group>";
		};
		5FFEC0C926CD4F87000A0BAB /* Services */ = {
			isa = PBXGroup;
			children = (
				5FD81F7E26F7A62600622B10 /* Authorization */,
				5F6A836826F4F21C000F9AD2 /* Storage Services */,
				5F25F6CA26EE698A00F98608 /* Coordinator */,
				5F7F997326D7FEEC00482485 /* Network */,
				5F7F997226D7FEDA00482485 /* Helpers */,
			);
			path = Services;
			sourceTree = "<group>";
		};
		5FFEC0CA26CD4F8D000A0BAB /* Constants */ = {
			isa = PBXGroup;
			children = (
				5FFEC0CD26CD4FD3000A0BAB /* FlickrConstant.swift */,
				5F7F996226D66DE300482485 /* ErrorMessage.swift */,
				5FA9B2F926E533700060DAE8 /* HTTPMethod.swift */,
				5FA9B2FB26E655AE0060DAE8 /* RequestType.swift */,
				5F4A773326FB47B600D1EB00 /* FilterType.swift */,
				5F4A773526FB493700D1EB00 /* ReuseIdentifier.swift */,
				5F4A773726FB498700D1EB00 /* ImageName.swift */,
				5F4A773B26FB5EEC00D1EB00 /* UserDefaultsKey.swift */,
			);
			path = Constants;
			sourceTree = "<group>";
		};
/* End PBXGroup section */

/* Begin PBXNativeTarget section */
		5FFEC0AC26CD4DDB000A0BAB /* Flickr */ = {
			isa = PBXNativeTarget;
			buildConfigurationList = 5FFEC0C126CD4DDC000A0BAB /* Build configuration list for PBXNativeTarget "Flickr" */;
			buildPhases = (
				5FFEC0A926CD4DDB000A0BAB /* Sources */,
				5FFEC0AA26CD4DDB000A0BAB /* Frameworks */,
				5FFEC0AB26CD4DDB000A0BAB /* Resources */,
			);
			buildRules = (
			);
			dependencies = (
			);
			name = Flickr;
			productName = Flickr;
			productReference = 5FFEC0AD26CD4DDB000A0BAB /* Flickr.app */;
			productType = "com.apple.product-type.application";
		};
/* End PBXNativeTarget section */

/* Begin PBXProject section */
		5FFEC0A526CD4DDB000A0BAB /* Project object */ = {
			isa = PBXProject;
			attributes = {
				LastSwiftUpdateCheck = 1250;
				LastUpgradeCheck = 1250;
				TargetAttributes = {
					5FFEC0AC26CD4DDB000A0BAB = {
						CreatedOnToolsVersion = 12.5.1;
					};
				};
			};
			buildConfigurationList = 5FFEC0A826CD4DDB000A0BAB /* Build configuration list for PBXProject "Flickr" */;
			compatibilityVersion = "Xcode 9.3";
			developmentRegion = en;
			hasScannedForEncodings = 0;
			knownRegions = (
				en,
				Base,
			);
			mainGroup = 5FFEC0A426CD4DDB000A0BAB;
			productRefGroup = 5FFEC0AE26CD4DDB000A0BAB /* Products */;
			projectDirPath = "";
			projectRoot = "";
			targets = (
				5FFEC0AC26CD4DDB000A0BAB /* Flickr */,
			);
		};
/* End PBXProject section */

/* Begin PBXResourcesBuildPhase section */
		5FFEC0AB26CD4DDB000A0BAB /* Resources */ = {
			isa = PBXResourcesBuildPhase;
			buildActionMask = 2147483647;
			files = (
				5FFEC0BD26CD4DDC000A0BAB /* LaunchScreen.storyboard in Resources */,
				5FFEC0BA26CD4DDC000A0BAB /* Assets.xcassets in Resources */,
				5F25F6C626EE0BFD00F98608 /* AccountView.xib in Resources */,
				5F1EE6B026F9FD4E0049A5A2 /* FilterView.xib in Resources */,
				5F155EA026F1397A007E2859 /* PostDescriptionView.xib in Resources */,
				5FFEC0B826CD4DDB000A0BAB /* Main.storyboard in Resources */,
				5F25F6BE26EE08B800F98608 /* PostTableViewCell.xib in Resources */,
			);
			runOnlyForDeploymentPostprocessing = 0;
		};
/* End PBXResourcesBuildPhase section */

/* Begin PBXSourcesBuildPhase section */
		5FFEC0A926CD4DDB000A0BAB /* Sources */ = {
			isa = PBXSourcesBuildPhase;
			buildActionMask = 2147483647;
			files = (
				5F8A441826FF4F240027217F /* PostViewModel.swift in Sources */,
				5F7F997026D7816800482485 /* PostDetails.swift in Sources */,
				5FA9B2F426E4B1180060DAE8 /* GalleryViewController.swift in Sources */,
				5F4A774726FCEAFB00D1EB00 /* Observable.swift in Sources */,
				5F8A441226FF3F4E0027217F /* Storyboard.swift in Sources */,
				5F8AA85226F3749700E48706 /* CoordinatorService.swift in Sources */,
				5F7F996E26D6D26300482485 /* Tag.swift in Sources */,
				5F7F998226D8064A00482485 /* SignatureHelper.swift in Sources */,
				5F7F998426D8E89200482485 /* DeserializeHelper.swift in Sources */,
				5F7F996C26D6CBC700482485 /* Photo.swift in Sources */,
				5F4A773C26FB5EEC00D1EB00 /* UserDefaultsKey.swift in Sources */,
				5F7F996A26D6C05800482485 /* Favorite.swift in Sources */,
				5FFEC0B526CD4DDB000A0BAB /* AuthorizationViewController.swift in Sources */,
				5FFEC0B126CD4DDB000A0BAB /* AppDelegate.swift in Sources */,
				5F25F69026E9E83F00F98608 /* WKWebViewController.swift in Sources */,
				5F8A441426FF4C7B0027217F /* ProfileViewModel.swift in Sources */,
				5F7F998626D8F78F00482485 /* NetworkService+Upload.swift in Sources */,
				5F25F6BD26EE08B800F98608 /* PostTableViewCell.swift in Sources */,
				5F97D9D226F75D3A0089C30B /* UserDefaultsStorageService.swift in Sources */,
				5F8A441A26FF4FD50027217F /* AuthorizationViewModel.swift in Sources */,
				5F97D9CD26F7554C0089C30B /* PostsNetworkManager.swift in Sources */,
				5FA9B2F026E4B0F20060DAE8 /* ProfileViewController.swift in Sources */,
				5F7F996826D6AE1000482485 /* Comment.swift in Sources */,
				5F4A774526FCEA6800D1EB00 /* HomeViewModel.swift in Sources */,
				5F7F996626D69AE900482485 /* Profile.swift in Sources */,
				5FFEC0CC26CD4FAD000A0BAB /* FlickrOAuthService.swift in Sources */,
				5FA9B2F226E4B1020060DAE8 /* HomeViewController.swift in Sources */,
				5F8A441626FF4EA80027217F /* GalleryViewModel.swift in Sources */,
				5F7F998026D805EA00482485 /* MultipartHelper.swift in Sources */,
				5F4A773826FB498700D1EB00 /* ImageName.swift in Sources */,
				5F4A773426FB47B600D1EB00 /* FilterType.swift in Sources */,
				5F7F997526D7FF0C00482485 /* NetworkService+Favorites.swift in Sources */,
				5FA9B2FE26E669400060DAE8 /* NetworkService+Flickr.swift in Sources */,
				5F25F6C426EE0B4E00F98608 /* AccountView.swift in Sources */,
				5F155EA226F13988007E2859 /* PostDescriptionView.swift in Sources */,
				5FF2241C26F1204E0026BAF4 /* NetworkService+Image.swift in Sources */,
				5F4A773626FB493700D1EB00 /* ReuseIdentifier.swift in Sources */,
				5F7F996326D66DE300482485 /* ErrorMessage.swift in Sources */,
				5F71301126D40D32001A3762 /* NetworkService.swift in Sources */,
				5F1EE6B226F9FD5D0049A5A2 /* FilterView.swift in Sources */,
				5F7F997E26D8023300482485 /* NetworkService+Tags.swift in Sources */,
				5F25F68E26E9322000F98608 /* AuthorizationService.swift in Sources */,
				5F25F69326EA13E400F98608 /* UIViewController+UIAlertController.swift in Sources */,
				5FFEC0B326CD4DDB000A0BAB /* SceneDelegate.swift in Sources */,
				5FFEC0CE26CD4FD3000A0BAB /* FlickrConstant.swift in Sources */,
				5F7F997C26D8003700482485 /* NetworkService+Photos.swift in Sources */,
				5F6A836726F4EE19000F9AD2 /* CacheStorageService.swift in Sources */,
				5FA9B2FC26E655AE0060DAE8 /* RequestType.swift in Sources */,
				5F7F997A26D8001F00482485 /* NetworkService+Profile.swift in Sources */,
				5F7F997826D7FFA600482485 /* NetworkService+Comments.swift in Sources */,
				5FA9B2F626E4B12A0060DAE8 /* PostViewController.swift in Sources */,
				5F97D9D026F75CF40089C30B /* StorageServiceError.swift in Sources */,
				5FA9B2FA26E533700060DAE8 /* HTTPMethod.swift in Sources */,
			);
			runOnlyForDeploymentPostprocessing = 0;
		};
/* End PBXSourcesBuildPhase section */

/* Begin PBXVariantGroup section */
		5FFEC0B626CD4DDB000A0BAB /* Main.storyboard */ = {
			isa = PBXVariantGroup;
			children = (
				5FFEC0B726CD4DDB000A0BAB /* Base */,
			);
			name = Main.storyboard;
			sourceTree = "<group>";
		};
		5FFEC0BB26CD4DDC000A0BAB /* LaunchScreen.storyboard */ = {
			isa = PBXVariantGroup;
			children = (
				5FFEC0BC26CD4DDC000A0BAB /* Base */,
			);
			name = LaunchScreen.storyboard;
			sourceTree = "<group>";
		};
/* End PBXVariantGroup section */

/* Begin XCBuildConfiguration section */
		5FFEC0BF26CD4DDC000A0BAB /* Debug */ = {
			isa = XCBuildConfiguration;
			buildSettings = {
				ALWAYS_SEARCH_USER_PATHS = NO;
				CLANG_ANALYZER_NONNULL = YES;
				CLANG_ANALYZER_NUMBER_OBJECT_CONVERSION = YES_AGGRESSIVE;
				CLANG_CXX_LANGUAGE_STANDARD = "gnu++14";
				CLANG_CXX_LIBRARY = "libc++";
				CLANG_ENABLE_MODULES = YES;
				CLANG_ENABLE_OBJC_ARC = YES;
				CLANG_ENABLE_OBJC_WEAK = YES;
				CLANG_WARN_BLOCK_CAPTURE_AUTORELEASING = YES;
				CLANG_WARN_BOOL_CONVERSION = YES;
				CLANG_WARN_COMMA = YES;
				CLANG_WARN_CONSTANT_CONVERSION = YES;
				CLANG_WARN_DEPRECATED_OBJC_IMPLEMENTATIONS = YES;
				CLANG_WARN_DIRECT_OBJC_ISA_USAGE = YES_ERROR;
				CLANG_WARN_DOCUMENTATION_COMMENTS = YES;
				CLANG_WARN_EMPTY_BODY = YES;
				CLANG_WARN_ENUM_CONVERSION = YES;
				CLANG_WARN_INFINITE_RECURSION = YES;
				CLANG_WARN_INT_CONVERSION = YES;
				CLANG_WARN_NON_LITERAL_NULL_CONVERSION = YES;
				CLANG_WARN_OBJC_IMPLICIT_RETAIN_SELF = YES;
				CLANG_WARN_OBJC_LITERAL_CONVERSION = YES;
				CLANG_WARN_OBJC_ROOT_CLASS = YES_ERROR;
				CLANG_WARN_QUOTED_INCLUDE_IN_FRAMEWORK_HEADER = YES;
				CLANG_WARN_RANGE_LOOP_ANALYSIS = YES;
				CLANG_WARN_STRICT_PROTOTYPES = YES;
				CLANG_WARN_SUSPICIOUS_MOVE = YES;
				CLANG_WARN_UNGUARDED_AVAILABILITY = YES_AGGRESSIVE;
				CLANG_WARN_UNREACHABLE_CODE = YES;
				CLANG_WARN__DUPLICATE_METHOD_MATCH = YES;
				COPY_PHASE_STRIP = NO;
				DEBUG_INFORMATION_FORMAT = dwarf;
				ENABLE_STRICT_OBJC_MSGSEND = YES;
				ENABLE_TESTABILITY = YES;
				GCC_C_LANGUAGE_STANDARD = gnu11;
				GCC_DYNAMIC_NO_PIC = NO;
				GCC_NO_COMMON_BLOCKS = YES;
				GCC_OPTIMIZATION_LEVEL = 0;
				GCC_PREPROCESSOR_DEFINITIONS = (
					"DEBUG=1",
					"$(inherited)",
				);
				GCC_WARN_64_TO_32_BIT_CONVERSION = YES;
				GCC_WARN_ABOUT_RETURN_TYPE = YES_ERROR;
				GCC_WARN_UNDECLARED_SELECTOR = YES;
				GCC_WARN_UNINITIALIZED_AUTOS = YES_AGGRESSIVE;
				GCC_WARN_UNUSED_FUNCTION = YES;
				GCC_WARN_UNUSED_VARIABLE = YES;
				IPHONEOS_DEPLOYMENT_TARGET = 14.5;
				MTL_ENABLE_DEBUG_INFO = INCLUDE_SOURCE;
				MTL_FAST_MATH = YES;
				ONLY_ACTIVE_ARCH = YES;
				SDKROOT = iphoneos;
				SWIFT_ACTIVE_COMPILATION_CONDITIONS = DEBUG;
				SWIFT_OPTIMIZATION_LEVEL = "-Onone";
			};
			name = Debug;
		};
		5FFEC0C026CD4DDC000A0BAB /* Release */ = {
			isa = XCBuildConfiguration;
			buildSettings = {
				ALWAYS_SEARCH_USER_PATHS = NO;
				CLANG_ANALYZER_NONNULL = YES;
				CLANG_ANALYZER_NUMBER_OBJECT_CONVERSION = YES_AGGRESSIVE;
				CLANG_CXX_LANGUAGE_STANDARD = "gnu++14";
				CLANG_CXX_LIBRARY = "libc++";
				CLANG_ENABLE_MODULES = YES;
				CLANG_ENABLE_OBJC_ARC = YES;
				CLANG_ENABLE_OBJC_WEAK = YES;
				CLANG_WARN_BLOCK_CAPTURE_AUTORELEASING = YES;
				CLANG_WARN_BOOL_CONVERSION = YES;
				CLANG_WARN_COMMA = YES;
				CLANG_WARN_CONSTANT_CONVERSION = YES;
				CLANG_WARN_DEPRECATED_OBJC_IMPLEMENTATIONS = YES;
				CLANG_WARN_DIRECT_OBJC_ISA_USAGE = YES_ERROR;
				CLANG_WARN_DOCUMENTATION_COMMENTS = YES;
				CLANG_WARN_EMPTY_BODY = YES;
				CLANG_WARN_ENUM_CONVERSION = YES;
				CLANG_WARN_INFINITE_RECURSION = YES;
				CLANG_WARN_INT_CONVERSION = YES;
				CLANG_WARN_NON_LITERAL_NULL_CONVERSION = YES;
				CLANG_WARN_OBJC_IMPLICIT_RETAIN_SELF = YES;
				CLANG_WARN_OBJC_LITERAL_CONVERSION = YES;
				CLANG_WARN_OBJC_ROOT_CLASS = YES_ERROR;
				CLANG_WARN_QUOTED_INCLUDE_IN_FRAMEWORK_HEADER = YES;
				CLANG_WARN_RANGE_LOOP_ANALYSIS = YES;
				CLANG_WARN_STRICT_PROTOTYPES = YES;
				CLANG_WARN_SUSPICIOUS_MOVE = YES;
				CLANG_WARN_UNGUARDED_AVAILABILITY = YES_AGGRESSIVE;
				CLANG_WARN_UNREACHABLE_CODE = YES;
				CLANG_WARN__DUPLICATE_METHOD_MATCH = YES;
				COPY_PHASE_STRIP = NO;
				DEBUG_INFORMATION_FORMAT = "dwarf-with-dsym";
				ENABLE_NS_ASSERTIONS = NO;
				ENABLE_STRICT_OBJC_MSGSEND = YES;
				GCC_C_LANGUAGE_STANDARD = gnu11;
				GCC_NO_COMMON_BLOCKS = YES;
				GCC_WARN_64_TO_32_BIT_CONVERSION = YES;
				GCC_WARN_ABOUT_RETURN_TYPE = YES_ERROR;
				GCC_WARN_UNDECLARED_SELECTOR = YES;
				GCC_WARN_UNINITIALIZED_AUTOS = YES_AGGRESSIVE;
				GCC_WARN_UNUSED_FUNCTION = YES;
				GCC_WARN_UNUSED_VARIABLE = YES;
				IPHONEOS_DEPLOYMENT_TARGET = 14.5;
				MTL_ENABLE_DEBUG_INFO = NO;
				MTL_FAST_MATH = YES;
				SDKROOT = iphoneos;
				SWIFT_COMPILATION_MODE = wholemodule;
				SWIFT_OPTIMIZATION_LEVEL = "-O";
				VALIDATE_PRODUCT = YES;
			};
			name = Release;
		};
		5FFEC0C226CD4DDC000A0BAB /* Debug */ = {
			isa = XCBuildConfiguration;
			buildSettings = {
				ASSETCATALOG_COMPILER_APPICON_NAME = AppIcon;
				ASSETCATALOG_COMPILER_GLOBAL_ACCENT_COLOR_NAME = AccentColor;
				CODE_SIGN_STYLE = Automatic;
				DEVELOPMENT_TEAM = Z28LM9PLJM;
				INFOPLIST_FILE = Flickr/Info.plist;
				LD_RUNPATH_SEARCH_PATHS = (
					"$(inherited)",
					"@executable_path/Frameworks",
				);
				PRODUCT_BUNDLE_IDENTIFIER = com.hellovidev.Flickr;
				PRODUCT_NAME = "$(TARGET_NAME)";
				SWIFT_VERSION = 5.0;
				TARGETED_DEVICE_FAMILY = 1;
			};
			name = Debug;
		};
		5FFEC0C326CD4DDC000A0BAB /* Release */ = {
			isa = XCBuildConfiguration;
			buildSettings = {
				ASSETCATALOG_COMPILER_APPICON_NAME = AppIcon;
				ASSETCATALOG_COMPILER_GLOBAL_ACCENT_COLOR_NAME = AccentColor;
				CODE_SIGN_STYLE = Automatic;
				DEVELOPMENT_TEAM = Z28LM9PLJM;
				INFOPLIST_FILE = Flickr/Info.plist;
				LD_RUNPATH_SEARCH_PATHS = (
					"$(inherited)",
					"@executable_path/Frameworks",
				);
				PRODUCT_BUNDLE_IDENTIFIER = com.hellovidev.Flickr;
				PRODUCT_NAME = "$(TARGET_NAME)";
				SWIFT_VERSION = 5.0;
				TARGETED_DEVICE_FAMILY = 1;
			};
			name = Release;
		};
/* End XCBuildConfiguration section */

/* Begin XCConfigurationList section */
		5FFEC0A826CD4DDB000A0BAB /* Build configuration list for PBXProject "Flickr" */ = {
			isa = XCConfigurationList;
			buildConfigurations = (
				5FFEC0BF26CD4DDC000A0BAB /* Debug */,
				5FFEC0C026CD4DDC000A0BAB /* Release */,
			);
			defaultConfigurationIsVisible = 0;
			defaultConfigurationName = Release;
		};
		5FFEC0C126CD4DDC000A0BAB /* Build configuration list for PBXNativeTarget "Flickr" */ = {
			isa = XCConfigurationList;
			buildConfigurations = (
				5FFEC0C226CD4DDC000A0BAB /* Debug */,
				5FFEC0C326CD4DDC000A0BAB /* Release */,
			);
			defaultConfigurationIsVisible = 0;
			defaultConfigurationName = Release;
		};
/* End XCConfigurationList section */
	};
	rootObject = 5FFEC0A526CD4DDB000A0BAB /* Project object */;
}
